
Microsoft Visual Studio Solution File, Format Version 12.00
# Visual Studio Version 17
VisualStudioVersion = 17.6.33815.320
MinimumVisualStudioVersion = 10.0.40219.1
Project("{FAE04EC0-301F-11D3-BF4B-00C04F79EFBC}") = "feature_sample", "feature_sample\feature_sample.csproj", "{7F8D294D-C3C4-48C6-BAE0-3CAE702AD865}"
EndProject
Global
	GlobalSection(SolutionConfigurationPlatforms) = preSolution
		Debug|Any CPU = Debug|Any CPU
		Release|Any CPU = Release|Any CPU
	EndGlobalSection
	GlobalSection(ProjectConfigurationPlatforms) = postSolution
		{7F8D294D-C3C4-48C6-BAE0-3CAE702AD865}.Debug|Any CPU.ActiveCfg = Debug|Any CPU
		{7F8D294D-C3C4-48C6-BAE0-3CAE702AD865}.Debug|Any CPU.Build.0 = Debug|Any CPU
		{7F8D294D-C3C4-48C6-BAE0-3CAE702AD865}.Release|Any CPU.ActiveCfg = Release|Any CPU
		{7F8D294D-C3C4-48C6-BAE0-3CAE702AD865}.Release|Any CPU.Build.0 = Release|Any CPU
	EndGlobalSection
	GlobalSection(SolutionProperties) = preSolution
		HideSolutionNode = FALSE
	EndGlobalSection
	GlobalSection(ExtensibilityGlobals) = postSolution
		SolutionGuid = {5F5F8110-9D9E-433A-959E-42E91AE96BA7}
	EndGlobalSection
EndGlobal
